<?xml version="1.0" encoding="utf-8"?>
<Project ToolsVersion="4.0" xmlns="http://schemas.microsoft.com/developer/msbuild/2003">
  <ItemGroup>
    <Filter Include="Source Files">
      <UniqueIdentifier>{4FC737F1-C7A5-4376-A066-2A32D752A2FF}</UniqueIdentifier>
      <Extensions>qml;cpp;c;cc;cxx;def;odl;idl;hpj;bat;asm;asmx</Extensions>
    </Filter>
    <Filter Include="Header Files">
      <UniqueIdentifier>{93995380-89BD-4b04-88EB-625FBE52EBFB}</UniqueIdentifier>
      <Extensions>h;hh;hpp;hxx;hm;inl;inc;xsd</Extensions>
    </Filter>
    <Filter Include="Resource Files">
      <UniqueIdentifier>{67DA6AB6-F800-4c08-8B7A-83BB121AAD01}</UniqueIdentifier>
      <Extensions>qrc;rc;ico;cur;bmp;dlg;rc2;rct;bin;rgs;gif;jpg;jpeg;jpe;resx;tiff;tif;png;wav;mfcribbon-ms</Extensions>
    </Filter>
    <Filter Include="Form Files">
      <UniqueIdentifier>{99349809-55BA-4b9d-BF79-8FDBB0286EB3}</UniqueIdentifier>
      <Extensions>ui</Extensions>
    </Filter>
    <Filter Include="Translation Files">
      <UniqueIdentifier>{639EADAA-A684-42e4-A9AD-28FC9BCB8F7C}</UniqueIdentifier>
      <Extensions>ts</Extensions>
    </Filter>
  </ItemGroup>
  <ItemGroup>
    <ClCompile Include="main.cpp">
      <Filter>Source Files</Filter>
    </ClCompile>
    <ClCompile Include="PlotXYDemo.cpp">
      <Filter>Source Files</Filter>
    </ClCompile>
    <ClCompile Include="PlotManager.cpp">
      <Filter>Source Files</Filter>
    </ClCompile>
    <ClCompile Include="PlotItemBase.cpp">
      <Filter>Source Files</Filter>
    </ClCompile>
    <ClCompile Include="FreeWidgetWraper.cpp">
      <Filter>Source Files</Filter>
    </ClCompile>
    <ClCompile Include="DataManager.cpp">
      <Filter>Source Files</Filter>
    </ClCompile>
    <ClCompile Include="PlotBar.cpp">
      <Filter>Source Files</Filter>
    </ClCompile>
    <ClCompile Include="AddPlotPair.cpp">
      <Filter>Source Files</Filter>
    </ClCompile>
    <ClCompile Include="AdvancedDataManager.cpp">
      <Filter>Source Files</Filter>
    </ClCompile>
    <ClCompile Include="ToolBox.cpp">
      <Filter>Source Files</Filter>
    </ClCompile>
    <ClCompile Include="Toolpage.cpp">
      <Filter>Source Files</Filter>
    </ClCompile>
    <ClCompile Include="SubSettingWidgetContainer.cpp">
      <Filter>Source Files</Filter>
    </ClCompile>
  </ItemGroup>
  <ItemGroup>
    <QtMoc Include="PlotXYDemo.h">
      <Filter>Header Files</Filter>
    </QtMoc>
    <QtMoc Include="PlotManager.h">
      <Filter>Header Files</Filter>
    </QtMoc>
    <QtMoc Include="PlotItemBase.h">
      <Filter>Header Files</Filter>
    </QtMoc>
    <QtMoc Include="FreeWidgetWraper.h">
      <Filter>Header Files</Filter>
    </QtMoc>
    <QtMoc Include="AddPlotPair.h">
      <Filter>Header Files</Filter>
    </QtMoc>
    <QtMoc Include="ToolBox.h">
      <Filter>Header Files</Filter>
    </QtMoc>
    <QtMoc Include="ToolPage.h">
      <Filter>Header Files</Filter>
    </QtMoc>
    <QtMoc Include="SubSettingWidgetContainer.h">
      <Filter>Header Files</Filter>
    </QtMoc>
    <QtMoc Include="AdvancedDataManager.h">
      <Filter>Header Files</Filter>
    </QtMoc>
  </ItemGroup>
  <ItemGroup>
    <QtUic Include="PlotXYDemo.ui">
      <Filter>Form Files</Filter>
    </QtUic>
    <QtUic Include="ToolBox.ui">
      <Filter>Form Files</Filter>
    </QtUic>
    <QtUic Include="ToolPage.ui">
      <Filter>Form Files</Filter>
    </QtUic>
    <QtUic Include="LabelText.ui">
      <Filter>Form Files</Filter>
    </QtUic>
    <QtUic Include="LabelSettings.ui">
      <Filter>Form Files</Filter>
    </QtUic>
    <QtUic Include="Extrapolation.ui">
      <Filter>Form Files</Filter>
    </QtUic>
    <QtUic Include="PlotItemBase.ui">
      <Filter>Form Files</Filter>
    </QtUic>
    <QtUic Include="AddPlotPair.ui">
      <Filter>Form Files</Filter>
    </QtUic>
    <QtUic Include="AdvancedDataManager.ui">
      <Filter>Form Files</Filter>
    </QtUic>
    <QtUic Include="ColorRanges.ui">
      <Filter>Form Files</Filter>
    </QtUic>
    <QtUic Include="General.ui">
      <Filter>Form Files</Filter>
    </QtUic>
    <QtUic Include="PlotManager.ui">
      <Filter>Form Files</Filter>
    </QtUic>
  </ItemGroup>
  <ItemGroup>
    <ClInclude Include="BaseData.h">
      <Filter>Header Files</Filter>
    </ClInclude>
    <ClInclude Include="DataManager.h">
      <Filter>Header Files</Filter>
    </ClInclude>
    <ClInclude Include="PlotBar.h">
      <Filter>Header Files</Filter>
    </ClInclude>
  </ItemGroup>
  <ItemGroup>
    <QtRcc Include="resources\toolbar.qrc">
      <Filter>Resource Files</Filter>
    </QtRcc>
  </ItemGroup>
</Project>