<?xml version="1.0" encoding="utf-8"?>
<Project ToolsVersion="4.0" xmlns="http://schemas.microsoft.com/developer/msbuild/2003">
  <ItemGroup>
    <Filter Include="Source Files">
      <UniqueIdentifier>{4FC737F1-C7A5-4376-A066-2A32D752A2FF}</UniqueIdentifier>
      <Extensions>qml;cpp;c;cc;cxx;def;odl;idl;hpj;bat;asm;asmx</Extensions>
    </Filter>
    <Filter Include="Header Files">
      <UniqueIdentifier>{93995380-89BD-4b04-88EB-625FBE52EBFB}</UniqueIdentifier>
      <Extensions>h;hh;hpp;hxx;hm;inl;inc;xsd</Extensions>
    </Filter>
    <Filter Include="Resource Files">
      <UniqueIdentifier>{D9D6E242-F8AF-46E4-B9FD-80ECBC20BA3E}</UniqueIdentifier>
      <Extensions>qrc;*</Extensions>
      <ParseFiles>false</ParseFiles>
    </Filter>
    <Filter Include="Form Files">
      <UniqueIdentifier>{99349809-55BA-4b9d-BF79-8FDBB0286EB3}</UniqueIdentifier>
      <Extensions>ui</Extensions>
    </Filter>
    <Filter Include="Translation Files">
      <UniqueIdentifier>{639EADAA-A684-42e4-A9AD-28FC9BCB8F7C}</UniqueIdentifier>
      <Extensions>ts</Extensions>
    </Filter>
  </ItemGroup>
  <ItemGroup>
    <ClCompile Include="main.cpp">
      <Filter>Source Files</Filter>
    </ClCompile>
    <ClCompile Include="PlotXYDemo.cpp">
      <Filter>Source Files</Filter>
    </ClCompile>
    <ClCompile Include="PlotManager.cpp">
      <Filter>Source Files</Filter>
    </ClCompile>
    <ClCompile Include="PlotItemBase.cpp">
      <Filter>Source Files</Filter>
    </ClCompile>
    <ClCompile Include="FreeWidgetWraper.cpp">
      <Filter>Source Files</Filter>
    </ClCompile>
    <ClCompile Include="DataManager.cpp">
      <Filter>Source Files</Filter>
    </ClCompile>
    <ClCompile Include="PlotBar.cpp">
      <Filter>Source Files</Filter>
    </ClCompile>
    <ClCompile Include="AddPlotPair.cpp">
      <Filter>Source Files</Filter>
    </ClCompile>
    <ClCompile Include="AdvancedDataManager.cpp">
      <Filter>Source Files</Filter>
    </ClCompile>
    <ClCompile Include="ToolBox.cpp">
      <Filter>Source Files</Filter>
    </ClCompile>
    <ClCompile Include="Toolpage.cpp">
      <Filter>Source Files</Filter>
    </ClCompile>
    <ClCompile Include="SubSettingWidgetContainer.cpp">
      <Filter>Source Files</Filter>
    </ClCompile>
    <ClCompile Include="PlotAttitude.cpp">
      <Filter>Source Files</Filter>
    </ClCompile>
    <ClCompile Include="PlotPolar.cpp">
      <Filter>Source Files</Filter>
    </ClCompile>
    <ClCompile Include="PlotText.cpp">
      <Filter>Source Files</Filter>
    </ClCompile>
    <ClCompile Include="qcustomplot.cpp">
      <Filter>Source Files</Filter>
    </ClCompile>
    <ClCompile Include="PlotLight.cpp">
      <Filter>Source Files</Filter>
    </ClCompile>
    <ClCompile Include="EventSetting.cpp">
      <Filter>Source Files</Filter>
    </ClCompile>
    <ClCompile Include="IconSetting.cpp">
      <Filter>Source Files</Filter>
    </ClCompile>
    <ClCompile Include="StippleSetting.cpp">
      <Filter>Source Files</Filter>
    </ClCompile>
    <ClCompile Include="TimeControls.cpp">
      <Filter>Source Files</Filter>
    </ClCompile>
    <ClCompile Include="TimeClass.cpp">
      <Filter>Source Files</Filter>
    </ClCompile>
    <ClCompile Include="Utils.cpp">
      <Filter>Source Files</Filter>
    </ClCompile>
    <ClCompile Include="colorbutton.cpp">
      <Filter>Source Files</Filter>
    </ClCompile>
    <ClCompile Include="PlotDoppler.cpp">
      <Filter>Source Files</Filter>
    </ClCompile>
    <ClCompile Include="PlotTrack.cpp">
      <Filter>Source Files</Filter>
    </ClCompile>
    <ClCompile Include="PlotRTI.cpp">
      <Filter>Source Files</Filter>
    </ClCompile>
    <ClCompile Include="PlotAScope.cpp">
      <Filter>Source Files</Filter>
    </ClCompile>
    <ClCompile Include="PlotDial.cpp">
      <Filter>Source Files</Filter>
    </ClCompile>
    <ClCompile Include="PlotScatter.cpp">
      <Filter>Source Files</Filter>
    </ClCompile>
    <ClCompile Include="renameTab.cpp">
      <Filter>Source Files</Filter>
    </ClCompile>
    <ClCompile Include="DataPair.cpp">
      <Filter>Source Files</Filter>
    </ClCompile>
    <ClCompile Include="PlotManagerData.cpp">
      <Filter>Source Files</Filter>
    </ClCompile>
  </ItemGroup>
  <ItemGroup>
    <QtMoc Include="PlotXYDemo.h">
      <Filter>Header Files</Filter>
    </QtMoc>
    <QtMoc Include="PlotManager.h">
      <Filter>Header Files</Filter>
    </QtMoc>
    <QtMoc Include="PlotItemBase.h">
      <Filter>Header Files</Filter>
    </QtMoc>
    <QtMoc Include="FreeWidgetWraper.h">
      <Filter>Header Files</Filter>
    </QtMoc>
    <QtMoc Include="AddPlotPair.h">
      <Filter>Header Files</Filter>
    </QtMoc>
    <QtMoc Include="ToolBox.h">
      <Filter>Header Files</Filter>
    </QtMoc>
    <QtMoc Include="ToolPage.h">
      <Filter>Header Files</Filter>
    </QtMoc>
    <QtMoc Include="SubSettingWidgetContainer.h">
      <Filter>Header Files</Filter>
    </QtMoc>
    <QtMoc Include="AdvancedDataManager.h">
      <Filter>Header Files</Filter>
    </QtMoc>
    <QtMoc Include="PlotPolar.h">
      <Filter>Header Files</Filter>
    </QtMoc>
    <QtMoc Include="PlotText.h">
      <Filter>Header Files</Filter>
    </QtMoc>
    <QtMoc Include="qcustomplot.h">
      <Filter>Header Files</Filter>
    </QtMoc>
    <QtMoc Include="PlotAttitude.h">
      <Filter>Header Files</Filter>
    </QtMoc>
    <QtMoc Include="PlotBar.h">
      <Filter>Header Files</Filter>
    </QtMoc>
    <QtMoc Include="PlotLight.h">
      <Filter>Header Files</Filter>
    </QtMoc>
    <QtMoc Include="EventSetting.h">
      <Filter>Header Files</Filter>
    </QtMoc>
    <QtMoc Include="IconSetting.h">
      <Filter>Header Files</Filter>
    </QtMoc>
    <QtMoc Include="StippleSetting.h">
      <Filter>Header Files</Filter>
    </QtMoc>
    <QtMoc Include="TimeControls.h">
      <Filter>Header Files</Filter>
    </QtMoc>
    <QtMoc Include="colorbutton.h">
      <Filter>Header Files</Filter>
    </QtMoc>
    <QtMoc Include="PlotDoppler.h">
      <Filter>Header Files</Filter>
    </QtMoc>
    <QtMoc Include="PlotRTI.h">
      <Filter>Header Files</Filter>
    </QtMoc>
    <QtMoc Include="PlotTrack.h">
      <Filter>Header Files</Filter>
    </QtMoc>
    <QtMoc Include="PlotAScope.h">
      <Filter>Header Files</Filter>
    </QtMoc>
    <QtMoc Include="PlotDial.h">
      <Filter>Header Files</Filter>
    </QtMoc>
    <QtMoc Include="PlotScatter.h">
      <Filter>Header Files</Filter>
    </QtMoc>
    <QtMoc Include="renameTab.h">
      <Filter>Header Files</Filter>
    </QtMoc>
    <QtMoc Include="DataPair.h">
      <Filter>Header Files</Filter>
    </QtMoc>
    <QtMoc Include="PlotManagerData.h">
      <Filter>Header Files</Filter>
    </QtMoc>
  </ItemGroup>
  <ItemGroup>
    <QtUic Include="PlotXYDemo.ui">
      <Filter>Form Files</Filter>
    </QtUic>
    <QtUic Include="ToolBox.ui">
      <Filter>Form Files</Filter>
    </QtUic>
    <QtUic Include="ToolPage.ui">
      <Filter>Form Files</Filter>
    </QtUic>
    <QtUic Include="LabelText.ui">
      <Filter>Form Files</Filter>
    </QtUic>
    <QtUic Include="LabelSettings.ui">
      <Filter>Form Files</Filter>
    </QtUic>
    <QtUic Include="Extrapolation.ui">
      <Filter>Form Files</Filter>
    </QtUic>
    <QtUic Include="PlotItemBase.ui">
      <Filter>Form Files</Filter>
    </QtUic>
    <QtUic Include="AddPlotPair.ui">
      <Filter>Form Files</Filter>
    </QtUic>
    <QtUic Include="AdvancedDataManager.ui">
      <Filter>Form Files</Filter>
    </QtUic>
    <QtUic Include="ColorRanges.ui">
      <Filter>Form Files</Filter>
    </QtUic>
    <QtUic Include="General.ui">
      <Filter>Form Files</Filter>
    </QtUic>
    <QtUic Include="PlotManager.ui">
      <Filter>Form Files</Filter>
    </QtUic>
    <QtUic Include="IconSetting.ui">
      <Filter>Form Files</Filter>
    </QtUic>
    <QtUic Include="StippleSetting.ui">
      <Filter>Form Files</Filter>
    </QtUic>
    <QtUic Include="TimeControls.ui">
      <Filter>Form Files</Filter>
    </QtUic>
    <QtUic Include="EventSetting.ui">
      <Filter>Form Files</Filter>
    </QtUic>
    <QtUic Include="renameTab.ui">
      <Filter>Form Files</Filter>
    </QtUic>
  </ItemGroup>
  <ItemGroup>
    <ClInclude Include="BaseData.h">
      <Filter>Header Files</Filter>
    </ClInclude>
    <ClInclude Include="DataManager.h">
      <Filter>Header Files</Filter>
    </ClInclude>
    <ClInclude Include="constdef.h">
      <Filter>Header Files</Filter>
    </ClInclude>
    <ClInclude Include="resource.h">
      <Filter>Header Files</Filter>
    </ClInclude>
    <ClInclude Include="TimeClass.h">
      <Filter>Header Files</Filter>
    </ClInclude>
    <ClInclude Include="Utils.h">
      <Filter>Header Files</Filter>
    </ClInclude>
  </ItemGroup>
  <ItemGroup>
    <QtRcc Include="resources\toolbar.qrc">
      <Filter>Resource Files</Filter>
    </QtRcc>
    <QtRcc Include="resources\statusbar.qrc">
      <Filter>Resource Files</Filter>
    </QtRcc>
  </ItemGroup>
  <ItemGroup>
    <Image Include="resources\statusbar\boxZoom.bmp">
      <Filter>Resource Files</Filter>
    </Image>
    <Image Include="resources\statusbar\centerPlot.bmp">
      <Filter>Resource Files</Filter>
    </Image>
    <Image Include="resources\statusbar\createPlot.bmp">
      <Filter>Resource Files</Filter>
    </Image>
    <Image Include="resources\statusbar\editingLock.bmp">
      <Filter>Resource Files</Filter>
    </Image>
    <Image Include="resources\statusbar\measureDistance.bmp">
      <Filter>Resource Files</Filter>
    </Image>
    <Image Include="resources\statusbar\movePlot.bmp">
      <Filter>Resource Files</Filter>
    </Image>
    <Image Include="resources\statusbar\pan.bmp">
      <Filter>Resource Files</Filter>
    </Image>
    <Image Include="resources\statusbar\selectPlot.bmp">
      <Filter>Resource Files</Filter>
    </Image>
    <Image Include="resources\statusbar\stackingLock.bmp">
      <Filter>Resource Files</Filter>
    </Image>
    <Image Include="resources\statusbar\zoom.bmp">
      <Filter>Resource Files</Filter>
    </Image>
  </ItemGroup>
</Project>